// !$*UTF8*$!
{
	archiveVersion = 1;
	classes = {
	};
	objectVersion = 56;
	objects = {

/* Begin PBXBuildFile section */
		755167DF8DEFD4E2681E7696 /* Pods_MagicApp.framework in Frameworks */ = {isa = PBXBuildFile; fileRef = BE29EDD3DBFCDFCAB947AC17 /* Pods_MagicApp.framework */; };
		A151892F2A195D99001ED314 /* AppDelegate.swift in Sources */ = {isa = PBXBuildFile; fileRef = A151892E2A195D99001ED314 /* AppDelegate.swift */; };
		A15189332A195D99001ED314 /* ViewController.swift in Sources */ = {isa = PBXBuildFile; fileRef = A15189322A195D99001ED314 /* ViewController.swift */; };
		A15189362A195D99001ED314 /* Splash.storyboard in Resources */ = {isa = PBXBuildFile; fileRef = A15189342A195D99001ED314 /* Splash.storyboard */; };
		A15189382A195D9A001ED314 /* Assets.xcassets in Resources */ = {isa = PBXBuildFile; fileRef = A15189372A195D9A001ED314 /* Assets.xcassets */; };
		A151893B2A195D9A001ED314 /* LaunchScreen.storyboard in Resources */ = {isa = PBXBuildFile; fileRef = A15189392A195D9A001ED314 /* LaunchScreen.storyboard */; };
		A15189432A195E71001ED314 /* Constants.swift in Sources */ = {isa = PBXBuildFile; fileRef = A15189422A195E71001ED314 /* Constants.swift */; };
		A15189472A195F78001ED314 /* ServerManager.swift in Sources */ = {isa = PBXBuildFile; fileRef = A15189462A195F78001ED314 /* ServerManager.swift */; };
		A15189492A19684A001ED314 /* APIManager.swift in Sources */ = {isa = PBXBuildFile; fileRef = A15189482A19684A001ED314 /* APIManager.swift */; };
		A151894D2A196930001ED314 /* CardsResponse.swift in Sources */ = {isa = PBXBuildFile; fileRef = A151894C2A196930001ED314 /* CardsResponse.swift */; };
		A15189502A19796C001ED314 /* Cards.swift in Sources */ = {isa = PBXBuildFile; fileRef = A151894F2A19796C001ED314 /* Cards.swift */; };
		A15189532A197C7A001ED314 /* CardsManager.swift in Sources */ = {isa = PBXBuildFile; fileRef = A15189522A197C7A001ED314 /* CardsManager.swift */; };
		A15189592A19840F001ED314 /* CardsProvider.swift in Sources */ = {isa = PBXBuildFile; fileRef = A15189582A19840F001ED314 /* CardsProvider.swift */; };
		A151895D2A19860C001ED314 /* BaseViewController.swift in Sources */ = {isa = PBXBuildFile; fileRef = A151895C2A19860C001ED314 /* BaseViewController.swift */; };
		A15189602A19863C001ED314 /* BaseRouterProtocol.swift in Sources */ = {isa = PBXBuildFile; fileRef = A151895F2A19863C001ED314 /* BaseRouterProtocol.swift */; };
		A15189622A19866D001ED314 /* BasePresenterProtocol.swift in Sources */ = {isa = PBXBuildFile; fileRef = A15189612A19866D001ED314 /* BasePresenterProtocol.swift */; };
		A15189692A1986B8001ED314 /* PersonalDataViewController.swift in Sources */ = {isa = PBXBuildFile; fileRef = A15189652A1986B8001ED314 /* PersonalDataViewController.swift */; };
		A151896A2A1986B8001ED314 /* PersonalDataInteractor.swift in Sources */ = {isa = PBXBuildFile; fileRef = A15189662A1986B8001ED314 /* PersonalDataInteractor.swift */; };
		A151896B2A1986B8001ED314 /* PersonalDataRouter.swift in Sources */ = {isa = PBXBuildFile; fileRef = A15189672A1986B8001ED314 /* PersonalDataRouter.swift */; };
		A151896C2A1986B8001ED314 /* PersonalDataPresenter.swift in Sources */ = {isa = PBXBuildFile; fileRef = A15189682A1986B8001ED314 /* PersonalDataPresenter.swift */; };
		A151896E2A1986C4001ED314 /* PersonalDataProtocols.swift in Sources */ = {isa = PBXBuildFile; fileRef = A151896D2A1986C4001ED314 /* PersonalDataProtocols.swift */; };
		A15189762A1986FE001ED314 /* SplashInteractor.swift in Sources */ = {isa = PBXBuildFile; fileRef = A15189752A1986FE001ED314 /* SplashInteractor.swift */; };
		A15189772A1986FE001ED314 /* SplashViewController.swift in Sources */ = {isa = PBXBuildFile; fileRef = A15189742A1986FE001ED314 /* SplashViewController.swift */; };
		A15189782A1986FE001ED314 /* SplashRouter.swift in Sources */ = {isa = PBXBuildFile; fileRef = A15189732A1986FE001ED314 /* SplashRouter.swift */; };
		A15189792A1986FE001ED314 /* SplashPresenter.swift in Sources */ = {isa = PBXBuildFile; fileRef = A15189722A1986FE001ED314 /* SplashPresenter.swift */; };
		A151897C2A19870C001ED314 /* SplashProtocols.swift in Sources */ = {isa = PBXBuildFile; fileRef = A151897B2A19870C001ED314 /* SplashProtocols.swift */; };
		A151897E2A198771001ED314 /* BaseViewProtocol.swift in Sources */ = {isa = PBXBuildFile; fileRef = A151897D2A198771001ED314 /* BaseViewProtocol.swift */; };
		A15189812A198878001ED314 /* StoryboardHandler.swift in Sources */ = {isa = PBXBuildFile; fileRef = A15189802A198878001ED314 /* StoryboardHandler.swift */; };
		A15189832A1988EF001ED314 /* PersonalData.storyboard in Resources */ = {isa = PBXBuildFile; fileRef = A15189822A1988EF001ED314 /* PersonalData.storyboard */; };
		A151898C2A19F427001ED314 /* CardsListRouter.swift in Sources */ = {isa = PBXBuildFile; fileRef = A151898B2A19F427001ED314 /* CardsListRouter.swift */; };
		A151898D2A19F427001ED314 /* CardsListViewController.swift in Sources */ = {isa = PBXBuildFile; fileRef = A15189892A19F427001ED314 /* CardsListViewController.swift */; };
		A151898E2A19F427001ED314 /* CardsListPresenter.swift in Sources */ = {isa = PBXBuildFile; fileRef = A15189882A19F427001ED314 /* CardsListPresenter.swift */; };
		A151898F2A19F427001ED314 /* CardsListInteractor.swift in Sources */ = {isa = PBXBuildFile; fileRef = A151898A2A19F427001ED314 /* CardsListInteractor.swift */; };
		A15189922A19F437001ED314 /* CardsListProtocols.swift in Sources */ = {isa = PBXBuildFile; fileRef = A15189912A19F436001ED314 /* CardsListProtocols.swift */; };
		A15189952A19F451001ED314 /* CardsList.storyboard in Resources */ = {isa = PBXBuildFile; fileRef = A15189942A19F451001ED314 /* CardsList.storyboard */; };
/* End PBXBuildFile section */

/* Begin PBXFileReference section */
		7DB48F4D18F559022DE0D4BE /* Pods-MagicApp.release.xcconfig */ = {isa = PBXFileReference; includeInIndex = 1; lastKnownFileType = text.xcconfig; name = "Pods-MagicApp.release.xcconfig"; path = "Target Support Files/Pods-MagicApp/Pods-MagicApp.release.xcconfig"; sourceTree = "<group>"; };
		A151892B2A195D99001ED314 /* MagicApp.app */ = {isa = PBXFileReference; explicitFileType = wrapper.application; includeInIndex = 0; path = MagicApp.app; sourceTree = BUILT_PRODUCTS_DIR; };
		A151892E2A195D99001ED314 /* AppDelegate.swift */ = {isa = PBXFileReference; lastKnownFileType = sourcecode.swift; path = AppDelegate.swift; sourceTree = "<group>"; };
		A15189322A195D99001ED314 /* ViewController.swift */ = {isa = PBXFileReference; lastKnownFileType = sourcecode.swift; path = ViewController.swift; sourceTree = "<group>"; };
		A15189352A195D99001ED314 /* Base */ = {isa = PBXFileReference; lastKnownFileType = file.storyboard; name = Base; path = Base.lproj/Splash.storyboard; sourceTree = "<group>"; };
		A15189372A195D9A001ED314 /* Assets.xcassets */ = {isa = PBXFileReference; lastKnownFileType = folder.assetcatalog; path = Assets.xcassets; sourceTree = "<group>"; };
		A151893A2A195D9A001ED314 /* Base */ = {isa = PBXFileReference; lastKnownFileType = file.storyboard; name = Base; path = Base.lproj/LaunchScreen.storyboard; sourceTree = "<group>"; };
		A151893C2A195D9A001ED314 /* Info.plist */ = {isa = PBXFileReference; lastKnownFileType = text.plist.xml; path = Info.plist; sourceTree = "<group>"; };
		A15189422A195E71001ED314 /* Constants.swift */ = {isa = PBXFileReference; lastKnownFileType = sourcecode.swift; path = Constants.swift; sourceTree = "<group>"; };
		A15189462A195F78001ED314 /* ServerManager.swift */ = {isa = PBXFileReference; lastKnownFileType = sourcecode.swift; path = ServerManager.swift; sourceTree = "<group>"; };
		A15189482A19684A001ED314 /* APIManager.swift */ = {isa = PBXFileReference; lastKnownFileType = sourcecode.swift; path = APIManager.swift; sourceTree = "<group>"; };
		A151894C2A196930001ED314 /* CardsResponse.swift */ = {isa = PBXFileReference; lastKnownFileType = sourcecode.swift; path = CardsResponse.swift; sourceTree = "<group>"; };
		A151894F2A19796C001ED314 /* Cards.swift */ = {isa = PBXFileReference; lastKnownFileType = sourcecode.swift; path = Cards.swift; sourceTree = "<group>"; };
		A15189522A197C7A001ED314 /* CardsManager.swift */ = {isa = PBXFileReference; lastKnownFileType = sourcecode.swift; path = CardsManager.swift; sourceTree = "<group>"; };
		A15189582A19840F001ED314 /* CardsProvider.swift */ = {isa = PBXFileReference; lastKnownFileType = sourcecode.swift; path = CardsProvider.swift; sourceTree = "<group>"; };
		A151895C2A19860C001ED314 /* BaseViewController.swift */ = {isa = PBXFileReference; lastKnownFileType = sourcecode.swift; path = BaseViewController.swift; sourceTree = "<group>"; };
		A151895F2A19863C001ED314 /* BaseRouterProtocol.swift */ = {isa = PBXFileReference; lastKnownFileType = sourcecode.swift; path = BaseRouterProtocol.swift; sourceTree = "<group>"; };
		A15189612A19866D001ED314 /* BasePresenterProtocol.swift */ = {isa = PBXFileReference; lastKnownFileType = sourcecode.swift; path = BasePresenterProtocol.swift; sourceTree = "<group>"; };
		A15189652A1986B8001ED314 /* PersonalDataViewController.swift */ = {isa = PBXFileReference; fileEncoding = 4; lastKnownFileType = sourcecode.swift; path = PersonalDataViewController.swift; sourceTree = "<group>"; };
		A15189662A1986B8001ED314 /* PersonalDataInteractor.swift */ = {isa = PBXFileReference; fileEncoding = 4; lastKnownFileType = sourcecode.swift; path = PersonalDataInteractor.swift; sourceTree = "<group>"; };
		A15189672A1986B8001ED314 /* PersonalDataRouter.swift */ = {isa = PBXFileReference; fileEncoding = 4; lastKnownFileType = sourcecode.swift; path = PersonalDataRouter.swift; sourceTree = "<group>"; };
		A15189682A1986B8001ED314 /* PersonalDataPresenter.swift */ = {isa = PBXFileReference; fileEncoding = 4; lastKnownFileType = sourcecode.swift; path = PersonalDataPresenter.swift; sourceTree = "<group>"; };
		A151896D2A1986C4001ED314 /* PersonalDataProtocols.swift */ = {isa = PBXFileReference; fileEncoding = 4; lastKnownFileType = sourcecode.swift; path = PersonalDataProtocols.swift; sourceTree = "<group>"; };
		A15189722A1986FE001ED314 /* SplashPresenter.swift */ = {isa = PBXFileReference; lastKnownFileType = sourcecode.swift; path = SplashPresenter.swift; sourceTree = "<group>"; };
		A15189732A1986FE001ED314 /* SplashRouter.swift */ = {isa = PBXFileReference; lastKnownFileType = sourcecode.swift; path = SplashRouter.swift; sourceTree = "<group>"; };
		A15189742A1986FE001ED314 /* SplashViewController.swift */ = {isa = PBXFileReference; lastKnownFileType = sourcecode.swift; path = SplashViewController.swift; sourceTree = "<group>"; };
		A15189752A1986FE001ED314 /* SplashInteractor.swift */ = {isa = PBXFileReference; lastKnownFileType = sourcecode.swift; path = SplashInteractor.swift; sourceTree = "<group>"; };
		A151897B2A19870C001ED314 /* SplashProtocols.swift */ = {isa = PBXFileReference; fileEncoding = 4; lastKnownFileType = sourcecode.swift; path = SplashProtocols.swift; sourceTree = "<group>"; };
		A151897D2A198771001ED314 /* BaseViewProtocol.swift */ = {isa = PBXFileReference; lastKnownFileType = sourcecode.swift; path = BaseViewProtocol.swift; sourceTree = "<group>"; };
		A15189802A198878001ED314 /* StoryboardHandler.swift */ = {isa = PBXFileReference; lastKnownFileType = sourcecode.swift; path = StoryboardHandler.swift; sourceTree = "<group>"; };
		A15189822A1988EF001ED314 /* PersonalData.storyboard */ = {isa = PBXFileReference; lastKnownFileType = file.storyboard; path = PersonalData.storyboard; sourceTree = "<group>"; };
		A15189882A19F427001ED314 /* CardsListPresenter.swift */ = {isa = PBXFileReference; lastKnownFileType = sourcecode.swift; path = CardsListPresenter.swift; sourceTree = "<group>"; };
		A15189892A19F427001ED314 /* CardsListViewController.swift */ = {isa = PBXFileReference; lastKnownFileType = sourcecode.swift; path = CardsListViewController.swift; sourceTree = "<group>"; };
		A151898A2A19F427001ED314 /* CardsListInteractor.swift */ = {isa = PBXFileReference; lastKnownFileType = sourcecode.swift; path = CardsListInteractor.swift; sourceTree = "<group>"; };
		A151898B2A19F427001ED314 /* CardsListRouter.swift */ = {isa = PBXFileReference; lastKnownFileType = sourcecode.swift; path = CardsListRouter.swift; sourceTree = "<group>"; };
		A15189912A19F436001ED314 /* CardsListProtocols.swift */ = {isa = PBXFileReference; fileEncoding = 4; lastKnownFileType = sourcecode.swift; path = CardsListProtocols.swift; sourceTree = "<group>"; };
		A15189942A19F451001ED314 /* CardsList.storyboard */ = {isa = PBXFileReference; lastKnownFileType = file.storyboard; path = CardsList.storyboard; sourceTree = "<group>"; };
		BE29EDD3DBFCDFCAB947AC17 /* Pods_MagicApp.framework */ = {isa = PBXFileReference; explicitFileType = wrapper.framework; includeInIndex = 0; path = Pods_MagicApp.framework; sourceTree = BUILT_PRODUCTS_DIR; };
		EE5B833E95A2C8EC3F15F1E2 /* Pods-MagicApp.debug.xcconfig */ = {isa = PBXFileReference; includeInIndex = 1; lastKnownFileType = text.xcconfig; name = "Pods-MagicApp.debug.xcconfig"; path = "Target Support Files/Pods-MagicApp/Pods-MagicApp.debug.xcconfig"; sourceTree = "<group>"; };
/* End PBXFileReference section */

/* Begin PBXFrameworksBuildPhase section */
		A15189282A195D99001ED314 /* Frameworks */ = {
			isa = PBXFrameworksBuildPhase;
			buildActionMask = 2147483647;
			files = (
				755167DF8DEFD4E2681E7696 /* Pods_MagicApp.framework in Frameworks */,
			);
			runOnlyForDeploymentPostprocessing = 0;
		};
/* End PBXFrameworksBuildPhase section */

/* Begin PBXGroup section */
		88D35EE1D3E7500A33CDBF9A /* Pods */ = {
			isa = PBXGroup;
			children = (
				EE5B833E95A2C8EC3F15F1E2 /* Pods-MagicApp.debug.xcconfig */,
				7DB48F4D18F559022DE0D4BE /* Pods-MagicApp.release.xcconfig */,
			);
			path = Pods;
			sourceTree = "<group>";
		};
		A15189222A195D99001ED314 = {
			isa = PBXGroup;
			children = (
				A151892D2A195D99001ED314 /* MagicApp */,
				A151892C2A195D99001ED314 /* Products */,
				88D35EE1D3E7500A33CDBF9A /* Pods */,
				ADB6D52717D2C3F9B61DC277 /* Frameworks */,
			);
			sourceTree = "<group>";
		};
		A151892C2A195D99001ED314 /* Products */ = {
			isa = PBXGroup;
			children = (
				A151892B2A195D99001ED314 /* MagicApp.app */,
			);
			name = Products;
			sourceTree = "<group>";
		};
		A151892D2A195D99001ED314 /* MagicApp */ = {
			isa = PBXGroup;
			children = (
				A151897F2A198857001ED314 /* UI */,
				A151895A2A1985E9001ED314 /* Modules */,
				A15189572A1983D7001ED314 /* Providers */,
				A151894E2A197370001ED314 /* DomainEntities */,
				A15189512A197C2F001ED314 /* Managers */,
				A151892E2A195D99001ED314 /* AppDelegate.swift */,
				A15189422A195E71001ED314 /* Constants.swift */,
				A15189442A195F40001ED314 /* Communications */,
				A15189322A195D99001ED314 /* ViewController.swift */,
				A15189372A195D9A001ED314 /* Assets.xcassets */,
				A15189392A195D9A001ED314 /* LaunchScreen.storyboard */,
				A151893C2A195D9A001ED314 /* Info.plist */,
			);
			path = MagicApp;
			sourceTree = "<group>";
		};
		A15189442A195F40001ED314 /* Communications */ = {
			isa = PBXGroup;
			children = (
				A151894A2A196907001ED314 /* ResponseEntities */,
				A15189462A195F78001ED314 /* ServerManager.swift */,
				A15189482A19684A001ED314 /* APIManager.swift */,
			);
			path = Communications;
			sourceTree = "<group>";
		};
		A151894A2A196907001ED314 /* ResponseEntities */ = {
			isa = PBXGroup;
			children = (
				A151894C2A196930001ED314 /* CardsResponse.swift */,
			);
			path = ResponseEntities;
			sourceTree = "<group>";
		};
		A151894E2A197370001ED314 /* DomainEntities */ = {
			isa = PBXGroup;
			children = (
				A151894F2A19796C001ED314 /* Cards.swift */,
			);
			path = DomainEntities;
			sourceTree = "<group>";
		};
		A15189512A197C2F001ED314 /* Managers */ = {
			isa = PBXGroup;
			children = (
				A15189522A197C7A001ED314 /* CardsManager.swift */,
			);
			path = Managers;
			sourceTree = "<group>";
		};
		A15189572A1983D7001ED314 /* Providers */ = {
			isa = PBXGroup;
			children = (
				A15189582A19840F001ED314 /* CardsProvider.swift */,
			);
			path = Providers;
			sourceTree = "<group>";
		};
		A151895A2A1985E9001ED314 /* Modules */ = {
			isa = PBXGroup;
			children = (
				A15189852A19F3DF001ED314 /* CardsList */,
				A151896F2A1986D7001ED314 /* Splash */,
				A15189632A19869D001ED314 /* PersonalData */,
				A151895B2A1985FD001ED314 /* Common */,
			);
			path = Modules;
			sourceTree = "<group>";
		};
		A151895B2A1985FD001ED314 /* Common */ = {
			isa = PBXGroup;
			children = (
				A151895C2A19860C001ED314 /* BaseViewController.swift */,
				A151895E2A198626001ED314 /* Protocols */,
			);
			path = Common;
			sourceTree = "<group>";
		};
		A151895E2A198626001ED314 /* Protocols */ = {
			isa = PBXGroup;
			children = (
				A151895F2A19863C001ED314 /* BaseRouterProtocol.swift */,
				A15189612A19866D001ED314 /* BasePresenterProtocol.swift */,
				A151897D2A198771001ED314 /* BaseViewProtocol.swift */,
			);
			path = Protocols;
			sourceTree = "<group>";
		};
		A15189632A19869D001ED314 /* PersonalData */ = {
			isa = PBXGroup;
			children = (
				A15189662A1986B8001ED314 /* PersonalDataInteractor.swift */,
				A15189682A1986B8001ED314 /* PersonalDataPresenter.swift */,
				A15189672A1986B8001ED314 /* PersonalDataRouter.swift */,
				A15189652A1986B8001ED314 /* PersonalDataViewController.swift */,
				A15189642A1986A4001ED314 /* Protocols */,
			);
			path = PersonalData;
			sourceTree = "<group>";
		};
		A15189642A1986A4001ED314 /* Protocols */ = {
			isa = PBXGroup;
			children = (
				A151896D2A1986C4001ED314 /* PersonalDataProtocols.swift */,
			);
			path = Protocols;
			sourceTree = "<group>";
		};
		A151896F2A1986D7001ED314 /* Splash */ = {
			isa = PBXGroup;
			children = (
				A15189752A1986FE001ED314 /* SplashInteractor.swift */,
				A15189722A1986FE001ED314 /* SplashPresenter.swift */,
				A15189732A1986FE001ED314 /* SplashRouter.swift */,
				A15189742A1986FE001ED314 /* SplashViewController.swift */,
				A151897A2A198705001ED314 /* Protocols */,
			);
			path = Splash;
			sourceTree = "<group>";
		};
		A151897A2A198705001ED314 /* Protocols */ = {
			isa = PBXGroup;
			children = (
				A151897B2A19870C001ED314 /* SplashProtocols.swift */,
			);
			path = Protocols;
			sourceTree = "<group>";
		};
		A151897F2A198857001ED314 /* UI */ = {
			isa = PBXGroup;
			children = (
				A15189842A199058001ED314 /* Handler */,
				A15189342A195D99001ED314 /* Splash.storyboard */,
				A15189822A1988EF001ED314 /* PersonalData.storyboard */,
				A15189942A19F451001ED314 /* CardsList.storyboard */,
			);
			path = UI;
			sourceTree = "<group>";
		};
		A15189842A199058001ED314 /* Handler */ = {
			isa = PBXGroup;
			children = (
				A15189802A198878001ED314 /* StoryboardHandler.swift */,
			);
			path = Handler;
			sourceTree = "<group>";
		};
		A15189852A19F3DF001ED314 /* CardsList */ = {
			isa = PBXGroup;
			children = (
				A15189902A19F42A001ED314 /* Protocols */,
				A151898A2A19F427001ED314 /* CardsListInteractor.swift */,
				A15189882A19F427001ED314 /* CardsListPresenter.swift */,
				A151898B2A19F427001ED314 /* CardsListRouter.swift */,
				A15189892A19F427001ED314 /* CardsListViewController.swift */,
			);
			path = CardsList;
			sourceTree = "<group>";
		};
		A15189902A19F42A001ED314 /* Protocols */ = {
			isa = PBXGroup;
			children = (
				A15189912A19F436001ED314 /* CardsListProtocols.swift */,
			);
			path = Protocols;
			sourceTree = "<group>";
		};
		ADB6D52717D2C3F9B61DC277 /* Frameworks */ = {
			isa = PBXGroup;
			children = (
				BE29EDD3DBFCDFCAB947AC17 /* Pods_MagicApp.framework */,
			);
			name = Frameworks;
			sourceTree = "<group>";
		};
/* End PBXGroup section */

/* Begin PBXNativeTarget section */
		A151892A2A195D99001ED314 /* MagicApp */ = {
			isa = PBXNativeTarget;
			buildConfigurationList = A151893F2A195D9A001ED314 /* Build configuration list for PBXNativeTarget "MagicApp" */;
			buildPhases = (
				F8F19DEF9C9D8320131D115F /* [CP] Check Pods Manifest.lock */,
				A15189272A195D99001ED314 /* Sources */,
				A15189282A195D99001ED314 /* Frameworks */,
				A15189292A195D99001ED314 /* Resources */,
				BD25B67657BC734B05FF5054 /* [CP] Embed Pods Frameworks */,
			);
			buildRules = (
			);
			dependencies = (
			);
			name = MagicApp;
			productName = MagicApp;
			productReference = A151892B2A195D99001ED314 /* MagicApp.app */;
			productType = "com.apple.product-type.application";
		};
/* End PBXNativeTarget section */

/* Begin PBXProject section */
		A15189232A195D99001ED314 /* Project object */ = {
			isa = PBXProject;
			attributes = {
				BuildIndependentTargetsInParallel = 1;
				LastSwiftUpdateCheck = 1420;
				LastUpgradeCheck = 1420;
				TargetAttributes = {
					A151892A2A195D99001ED314 = {
						CreatedOnToolsVersion = 14.2;
					};
				};
			};
			buildConfigurationList = A15189262A195D99001ED314 /* Build configuration list for PBXProject "MagicApp" */;
			compatibilityVersion = "Xcode 14.0";
			developmentRegion = en;
			hasScannedForEncodings = 0;
			knownRegions = (
				en,
				Base,
			);
			mainGroup = A15189222A195D99001ED314;
			productRefGroup = A151892C2A195D99001ED314 /* Products */;
			projectDirPath = "";
			projectRoot = "";
			targets = (
				A151892A2A195D99001ED314 /* MagicApp */,
			);
		};
/* End PBXProject section */

/* Begin PBXResourcesBuildPhase section */
		A15189292A195D99001ED314 /* Resources */ = {
			isa = PBXResourcesBuildPhase;
			buildActionMask = 2147483647;
			files = (
				A15189832A1988EF001ED314 /* PersonalData.storyboard in Resources */,
				A151893B2A195D9A001ED314 /* LaunchScreen.storyboard in Resources */,
				A15189382A195D9A001ED314 /* Assets.xcassets in Resources */,
				A15189952A19F451001ED314 /* CardsList.storyboard in Resources */,
				A15189362A195D99001ED314 /* Splash.storyboard in Resources */,
			);
			runOnlyForDeploymentPostprocessing = 0;
		};
/* End PBXResourcesBuildPhase section */

/* Begin PBXShellScriptBuildPhase section */
		BD25B67657BC734B05FF5054 /* [CP] Embed Pods Frameworks */ = {
			isa = PBXShellScriptBuildPhase;
			buildActionMask = 2147483647;
			files = (
			);
			inputFileListPaths = (
				"${PODS_ROOT}/Target Support Files/Pods-MagicApp/Pods-MagicApp-frameworks-${CONFIGURATION}-input-files.xcfilelist",
			);
			name = "[CP] Embed Pods Frameworks";
			outputFileListPaths = (
				"${PODS_ROOT}/Target Support Files/Pods-MagicApp/Pods-MagicApp-frameworks-${CONFIGURATION}-output-files.xcfilelist",
			);
			runOnlyForDeploymentPostprocessing = 0;
			shellPath = /bin/sh;
			shellScript = "\"${PODS_ROOT}/Target Support Files/Pods-MagicApp/Pods-MagicApp-frameworks.sh\"\n";
			showEnvVarsInLog = 0;
		};
		F8F19DEF9C9D8320131D115F /* [CP] Check Pods Manifest.lock */ = {
			isa = PBXShellScriptBuildPhase;
			buildActionMask = 2147483647;
			files = (
			);
			inputFileListPaths = (
			);
			inputPaths = (
				"${PODS_PODFILE_DIR_PATH}/Podfile.lock",
				"${PODS_ROOT}/Manifest.lock",
			);
			name = "[CP] Check Pods Manifest.lock";
			outputFileListPaths = (
			);
			outputPaths = (
				"$(DERIVED_FILE_DIR)/Pods-MagicApp-checkManifestLockResult.txt",
			);
			runOnlyForDeploymentPostprocessing = 0;
			shellPath = /bin/sh;
			shellScript = "diff \"${PODS_PODFILE_DIR_PATH}/Podfile.lock\" \"${PODS_ROOT}/Manifest.lock\" > /dev/null\nif [ $? != 0 ] ; then\n    # print error to STDERR\n    echo \"error: The sandbox is not in sync with the Podfile.lock. Run 'pod install' or update your CocoaPods installation.\" >&2\n    exit 1\nfi\n# This output is used by Xcode 'outputs' to avoid re-running this script phase.\necho \"SUCCESS\" > \"${SCRIPT_OUTPUT_FILE_0}\"\n";
			showEnvVarsInLog = 0;
		};
/* End PBXShellScriptBuildPhase section */

/* Begin PBXSourcesBuildPhase section */
		A15189272A195D99001ED314 /* Sources */ = {
			isa = PBXSourcesBuildPhase;
			buildActionMask = 2147483647;
			files = (
				A15189692A1986B8001ED314 /* PersonalDataViewController.swift in Sources */,
				A15189812A198878001ED314 /* StoryboardHandler.swift in Sources */,
				A15189472A195F78001ED314 /* ServerManager.swift in Sources */,
				A151896E2A1986C4001ED314 /* PersonalDataProtocols.swift in Sources */,
				A15189602A19863C001ED314 /* BaseRouterProtocol.swift in Sources */,
				A15189492A19684A001ED314 /* APIManager.swift in Sources */,
				A15189782A1986FE001ED314 /* SplashRouter.swift in Sources */,
				A15189332A195D99001ED314 /* ViewController.swift in Sources */,
				A151898F2A19F427001ED314 /* CardsListInteractor.swift in Sources */,
				A15189502A19796C001ED314 /* Cards.swift in Sources */,
				A15189792A1986FE001ED314 /* SplashPresenter.swift in Sources */,
				A151894D2A196930001ED314 /* CardsResponse.swift in Sources */,
				A151895D2A19860C001ED314 /* BaseViewController.swift in Sources */,
				A15189922A19F437001ED314 /* CardsListProtocols.swift in Sources */,
				A151896A2A1986B8001ED314 /* PersonalDataInteractor.swift in Sources */,
				A15189622A19866D001ED314 /* BasePresenterProtocol.swift in Sources */,
				A15189532A197C7A001ED314 /* CardsManager.swift in Sources */,
				A151892F2A195D99001ED314 /* AppDelegate.swift in Sources */,
				A151898C2A19F427001ED314 /* CardsListRouter.swift in Sources */,
				A15189762A1986FE001ED314 /* SplashInteractor.swift in Sources */,
				A15189772A1986FE001ED314 /* SplashViewController.swift in Sources */,
				A151898E2A19F427001ED314 /* CardsListPresenter.swift in Sources */,
				A151896C2A1986B8001ED314 /* PersonalDataPresenter.swift in Sources */,
				A151898D2A19F427001ED314 /* CardsListViewController.swift in Sources */,
				A151897E2A198771001ED314 /* BaseViewProtocol.swift in Sources */,
				A151897C2A19870C001ED314 /* SplashProtocols.swift in Sources */,
				A15189432A195E71001ED314 /* Constants.swift in Sources */,
				A15189592A19840F001ED314 /* CardsProvider.swift in Sources */,
				A151896B2A1986B8001ED314 /* PersonalDataRouter.swift in Sources */,
			);
			runOnlyForDeploymentPostprocessing = 0;
		};
/* End PBXSourcesBuildPhase section */

/* Begin PBXVariantGroup section */
		A15189342A195D99001ED314 /* Splash.storyboard */ = {
			isa = PBXVariantGroup;
			children = (
				A15189352A195D99001ED314 /* Base */,
			);
			name = Splash.storyboard;
			sourceTree = "<group>";
		};
		A15189392A195D9A001ED314 /* LaunchScreen.storyboard */ = {
			isa = PBXVariantGroup;
			children = (
				A151893A2A195D9A001ED314 /* Base */,
			);
			name = LaunchScreen.storyboard;
			sourceTree = "<group>";
		};
/* End PBXVariantGroup section */

/* Begin XCBuildConfiguration section */
		A151893D2A195D9A001ED314 /* Debug */ = {
			isa = XCBuildConfiguration;
			buildSettings = {
				ALWAYS_SEARCH_USER_PATHS = NO;
				CLANG_ANALYZER_NONNULL = YES;
				CLANG_ANALYZER_NUMBER_OBJECT_CONVERSION = YES_AGGRESSIVE;
				CLANG_CXX_LANGUAGE_STANDARD = "gnu++20";
				CLANG_ENABLE_MODULES = YES;
				CLANG_ENABLE_OBJC_ARC = YES;
				CLANG_ENABLE_OBJC_WEAK = YES;
				CLANG_WARN_BLOCK_CAPTURE_AUTORELEASING = YES;
				CLANG_WARN_BOOL_CONVERSION = YES;
				CLANG_WARN_COMMA = YES;
				CLANG_WARN_CONSTANT_CONVERSION = YES;
				CLANG_WARN_DEPRECATED_OBJC_IMPLEMENTATIONS = YES;
				CLANG_WARN_DIRECT_OBJC_ISA_USAGE = YES_ERROR;
				CLANG_WARN_DOCUMENTATION_COMMENTS = YES;
				CLANG_WARN_EMPTY_BODY = YES;
				CLANG_WARN_ENUM_CONVERSION = YES;
				CLANG_WARN_INFINITE_RECURSION = YES;
				CLANG_WARN_INT_CONVERSION = YES;
				CLANG_WARN_NON_LITERAL_NULL_CONVERSION = YES;
				CLANG_WARN_OBJC_IMPLICIT_RETAIN_SELF = YES;
				CLANG_WARN_OBJC_LITERAL_CONVERSION = YES;
				CLANG_WARN_OBJC_ROOT_CLASS = YES_ERROR;
				CLANG_WARN_QUOTED_INCLUDE_IN_FRAMEWORK_HEADER = YES;
				CLANG_WARN_RANGE_LOOP_ANALYSIS = YES;
				CLANG_WARN_STRICT_PROTOTYPES = YES;
				CLANG_WARN_SUSPICIOUS_MOVE = YES;
				CLANG_WARN_UNGUARDED_AVAILABILITY = YES_AGGRESSIVE;
				CLANG_WARN_UNREACHABLE_CODE = YES;
				CLANG_WARN__DUPLICATE_METHOD_MATCH = YES;
				COPY_PHASE_STRIP = NO;
				DEBUG_INFORMATION_FORMAT = dwarf;
				ENABLE_STRICT_OBJC_MSGSEND = YES;
				ENABLE_TESTABILITY = YES;
				GCC_C_LANGUAGE_STANDARD = gnu11;
				GCC_DYNAMIC_NO_PIC = NO;
				GCC_NO_COMMON_BLOCKS = YES;
				GCC_OPTIMIZATION_LEVEL = 0;
				GCC_PREPROCESSOR_DEFINITIONS = (
					"DEBUG=1",
					"$(inherited)",
				);
				GCC_WARN_64_TO_32_BIT_CONVERSION = YES;
				GCC_WARN_ABOUT_RETURN_TYPE = YES_ERROR;
				GCC_WARN_UNDECLARED_SELECTOR = YES;
				GCC_WARN_UNINITIALIZED_AUTOS = YES_AGGRESSIVE;
				GCC_WARN_UNUSED_FUNCTION = YES;
				GCC_WARN_UNUSED_VARIABLE = YES;
				IPHONEOS_DEPLOYMENT_TARGET = 16.2;
				MTL_ENABLE_DEBUG_INFO = INCLUDE_SOURCE;
				MTL_FAST_MATH = YES;
				ONLY_ACTIVE_ARCH = YES;
				SDKROOT = iphoneos;
				SWIFT_ACTIVE_COMPILATION_CONDITIONS = DEBUG;
				SWIFT_OPTIMIZATION_LEVEL = "-Onone";
			};
			name = Debug;
		};
		A151893E2A195D9A001ED314 /* Release */ = {
			isa = XCBuildConfiguration;
			buildSettings = {
				ALWAYS_SEARCH_USER_PATHS = NO;
				CLANG_ANALYZER_NONNULL = YES;
				CLANG_ANALYZER_NUMBER_OBJECT_CONVERSION = YES_AGGRESSIVE;
				CLANG_CXX_LANGUAGE_STANDARD = "gnu++20";
				CLANG_ENABLE_MODULES = YES;
				CLANG_ENABLE_OBJC_ARC = YES;
				CLANG_ENABLE_OBJC_WEAK = YES;
				CLANG_WARN_BLOCK_CAPTURE_AUTORELEASING = YES;
				CLANG_WARN_BOOL_CONVERSION = YES;
				CLANG_WARN_COMMA = YES;
				CLANG_WARN_CONSTANT_CONVERSION = YES;
				CLANG_WARN_DEPRECATED_OBJC_IMPLEMENTATIONS = YES;
				CLANG_WARN_DIRECT_OBJC_ISA_USAGE = YES_ERROR;
				CLANG_WARN_DOCUMENTATION_COMMENTS = YES;
				CLANG_WARN_EMPTY_BODY = YES;
				CLANG_WARN_ENUM_CONVERSION = YES;
				CLANG_WARN_INFINITE_RECURSION = YES;
				CLANG_WARN_INT_CONVERSION = YES;
				CLANG_WARN_NON_LITERAL_NULL_CONVERSION = YES;
				CLANG_WARN_OBJC_IMPLICIT_RETAIN_SELF = YES;
				CLANG_WARN_OBJC_LITERAL_CONVERSION = YES;
				CLANG_WARN_OBJC_ROOT_CLASS = YES_ERROR;
				CLANG_WARN_QUOTED_INCLUDE_IN_FRAMEWORK_HEADER = YES;
				CLANG_WARN_RANGE_LOOP_ANALYSIS = YES;
				CLANG_WARN_STRICT_PROTOTYPES = YES;
				CLANG_WARN_SUSPICIOUS_MOVE = YES;
				CLANG_WARN_UNGUARDED_AVAILABILITY = YES_AGGRESSIVE;
				CLANG_WARN_UNREACHABLE_CODE = YES;
				CLANG_WARN__DUPLICATE_METHOD_MATCH = YES;
				COPY_PHASE_STRIP = NO;
				DEBUG_INFORMATION_FORMAT = "dwarf-with-dsym";
				ENABLE_NS_ASSERTIONS = NO;
				ENABLE_STRICT_OBJC_MSGSEND = YES;
				GCC_C_LANGUAGE_STANDARD = gnu11;
				GCC_NO_COMMON_BLOCKS = YES;
				GCC_WARN_64_TO_32_BIT_CONVERSION = YES;
				GCC_WARN_ABOUT_RETURN_TYPE = YES_ERROR;
				GCC_WARN_UNDECLARED_SELECTOR = YES;
				GCC_WARN_UNINITIALIZED_AUTOS = YES_AGGRESSIVE;
				GCC_WARN_UNUSED_FUNCTION = YES;
				GCC_WARN_UNUSED_VARIABLE = YES;
				IPHONEOS_DEPLOYMENT_TARGET = 16.2;
				MTL_ENABLE_DEBUG_INFO = NO;
				MTL_FAST_MATH = YES;
				SDKROOT = iphoneos;
				SWIFT_COMPILATION_MODE = wholemodule;
				SWIFT_OPTIMIZATION_LEVEL = "-O";
				VALIDATE_PRODUCT = YES;
			};
			name = Release;
		};
		A15189402A195D9A001ED314 /* Debug */ = {
			isa = XCBuildConfiguration;
			baseConfigurationReference = EE5B833E95A2C8EC3F15F1E2 /* Pods-MagicApp.debug.xcconfig */;
			buildSettings = {
				ASSETCATALOG_COMPILER_APPICON_NAME = AppIcon;
				ASSETCATALOG_COMPILER_GLOBAL_ACCENT_COLOR_NAME = AccentColor;
				CODE_SIGN_STYLE = Automatic;
				CURRENT_PROJECT_VERSION = 1;
				GENERATE_INFOPLIST_FILE = YES;
				INFOPLIST_FILE = MagicApp/Info.plist;
				INFOPLIST_KEY_CFBundleDisplayName = "Magic App";
				INFOPLIST_KEY_LSApplicationCategoryType = "public.app-category.entertainment";
				INFOPLIST_KEY_UIApplicationSupportsIndirectInputEvents = YES;
				INFOPLIST_KEY_UILaunchStoryboardName = "";
				INFOPLIST_KEY_UIMainStoryboardFile = Splash;
				INFOPLIST_KEY_UIStatusBarStyle = UIStatusBarStyleDarkContent;
				INFOPLIST_KEY_UISupportedInterfaceOrientations_iPad = "UIInterfaceOrientationPortrait UIInterfaceOrientationPortraitUpsideDown UIInterfaceOrientationLandscapeLeft UIInterfaceOrientationLandscapeRight";
				INFOPLIST_KEY_UISupportedInterfaceOrientations_iPhone = "UIInterfaceOrientationPortrait UIInterfaceOrientationLandscapeLeft UIInterfaceOrientationLandscapeRight";
				IPHONEOS_DEPLOYMENT_TARGET = 13.0;
				LD_RUNPATH_SEARCH_PATHS = (
					"$(inherited)",
					"@executable_path/Frameworks",
				);
				MARKETING_VERSION = 1.0;
				PRODUCT_BUNDLE_IDENTIFIER = com.franlucena.MagicApp;
				PRODUCT_NAME = "$(TARGET_NAME)";
				SUPPORTED_PLATFORMS = "iphoneos iphonesimulator";
				SUPPORTS_MACCATALYST = NO;
				SUPPORTS_MAC_DESIGNED_FOR_IPHONE_IPAD = NO;
				SWIFT_EMIT_LOC_STRINGS = YES;
				SWIFT_VERSION = 5.0;
				TARGETED_DEVICE_FAMILY = 1;
			};
			name = Debug;
		};
		A15189412A195D9A001ED314 /* Release */ = {
			isa = XCBuildConfiguration;
			baseConfigurationReference = 7DB48F4D18F559022DE0D4BE /* Pods-MagicApp.release.xcconfig */;
			buildSettings = {
				ASSETCATALOG_COMPILER_APPICON_NAME = AppIcon;
				ASSETCATALOG_COMPILER_GLOBAL_ACCENT_COLOR_NAME = AccentColor;
				CODE_SIGN_STYLE = Automatic;
				CURRENT_PROJECT_VERSION = 1;
				GENERATE_INFOPLIST_FILE = YES;
				INFOPLIST_FILE = MagicApp/Info.plist;
				INFOPLIST_KEY_CFBundleDisplayName = "Magic App";
				INFOPLIST_KEY_LSApplicationCategoryType = "public.app-category.entertainment";
				INFOPLIST_KEY_UIApplicationSupportsIndirectInputEvents = YES;
				INFOPLIST_KEY_UILaunchStoryboardName = "";
				INFOPLIST_KEY_UIMainStoryboardFile = Splash;
				INFOPLIST_KEY_UIStatusBarStyle = UIStatusBarStyleDarkContent;
				INFOPLIST_KEY_UISupportedInterfaceOrientations_iPad = "UIInterfaceOrientationPortrait UIInterfaceOrientationPortraitUpsideDown UIInterfaceOrientationLandscapeLeft UIInterfaceOrientationLandscapeRight";
				INFOPLIST_KEY_UISupportedInterfaceOrientations_iPhone = "UIInterfaceOrientationPortrait UIInterfaceOrientationLandscapeLeft UIInterfaceOrientationLandscapeRight";
				IPHONEOS_DEPLOYMENT_TARGET = 13.0;
				LD_RUNPATH_SEARCH_PATHS = (
					"$(inherited)",
					"@executable_path/Frameworks",
				);
				MARKETING_VERSION = 1.0;
				PRODUCT_BUNDLE_IDENTIFIER = com.franlucena.MagicApp;
				PRODUCT_NAME = "$(TARGET_NAME)";
				SUPPORTED_PLATFORMS = "iphoneos iphonesimulator";
				SUPPORTS_MACCATALYST = NO;
				SUPPORTS_MAC_DESIGNED_FOR_IPHONE_IPAD = NO;
				SWIFT_EMIT_LOC_STRINGS = YES;
				SWIFT_VERSION = 5.0;
				TARGETED_DEVICE_FAMILY = 1;
			};
			name = Release;
		};
/* End XCBuildConfiguration section */

/* Begin XCConfigurationList section */
		A15189262A195D99001ED314 /* Build configuration list for PBXProject "MagicApp" */ = {
			isa = XCConfigurationList;
			buildConfigurations = (
				A151893D2A195D9A001ED314 /* Debug */,
				A151893E2A195D9A001ED314 /* Release */,
			);
			defaultConfigurationIsVisible = 0;
			defaultConfigurationName = Release;
		};
		A151893F2A195D9A001ED314 /* Build configuration list for PBXNativeTarget "MagicApp" */ = {
			isa = XCConfigurationList;
			buildConfigurations = (
				A15189402A195D9A001ED314 /* Debug */,
				A15189412A195D9A001ED314 /* Release */,
			);
			defaultConfigurationIsVisible = 0;
			defaultConfigurationName = Release;
		};
/* End XCConfigurationList section */
	};
	rootObject = A15189232A195D99001ED314 /* Project object */;
}
